
Microsoft Visual Studio Solution File, Format Version 12.00
# Visual Studio Version 16
VisualStudioVersion = 16.0.810.18
MinimumVisualStudioVersion = 10.0.40219.1
Project("{FAE04EC0-301F-11D3-BF4B-00C04F79EFBC}") = "ChuckNorrisAPI", "ChuckNorrisAPI\ChuckNorrisAPI.csproj", "{50977B29-209A-4549-A8FE-A276E62C5C8F}"
EndProject
Global
	GlobalSection(SolutionConfigurationPlatforms) = preSolution
		Debug|Any CPU = Debug|Any CPU
		Release|Any CPU = Release|Any CPU
	EndGlobalSection
	GlobalSection(ProjectConfigurationPlatforms) = postSolution
		{50977B29-209A-4549-A8FE-A276E62C5C8F}.Debug|Any CPU.ActiveCfg = Debug|Any CPU
		{50977B29-209A-4549-A8FE-A276E62C5C8F}.Debug|Any CPU.Build.0 = Debug|Any CPU
		{50977B29-209A-4549-A8FE-A276E62C5C8F}.Release|Any CPU.ActiveCfg = Release|Any CPU
		{50977B29-209A-4549-A8FE-A276E62C5C8F}.Release|Any CPU.Build.0 = Release|Any CPU
	EndGlobalSection
	GlobalSection(SolutionProperties) = preSolution
		HideSolutionNode = FALSE
	EndGlobalSection
	GlobalSection(ExtensibilityGlobals) = postSolution
		SolutionGuid = {53CD43D6-F812-4DB4-9034-91441F771B96}
	EndGlobalSection
EndGlobal
