
Microsoft Visual Studio Solution File, Format Version 12.00
# Visual Studio Version 16
VisualStudioVersion = 16.0.810.18
MinimumVisualStudioVersion = 10.0.40219.1
Project("{FAE04EC0-301F-11D3-BF4B-00C04F79EFBC}") = "ChuckNorrisTests", "ChuckNorrisTests\ChuckNorrisTests.csproj", "{E6BD9A0E-9ECF-4066-806A-3512E0BAC2B7}"
EndProject
Global
	GlobalSection(SolutionConfigurationPlatforms) = preSolution
		Debug|Any CPU = Debug|Any CPU
		Release|Any CPU = Release|Any CPU
	EndGlobalSection
	GlobalSection(ProjectConfigurationPlatforms) = postSolution
		{E6BD9A0E-9ECF-4066-806A-3512E0BAC2B7}.Debug|Any CPU.ActiveCfg = Debug|Any CPU
		{E6BD9A0E-9ECF-4066-806A-3512E0BAC2B7}.Debug|Any CPU.Build.0 = Debug|Any CPU
		{E6BD9A0E-9ECF-4066-806A-3512E0BAC2B7}.Release|Any CPU.ActiveCfg = Release|Any CPU
		{E6BD9A0E-9ECF-4066-806A-3512E0BAC2B7}.Release|Any CPU.Build.0 = Release|Any CPU
	EndGlobalSection
	GlobalSection(SolutionProperties) = preSolution
		HideSolutionNode = FALSE
	EndGlobalSection
	GlobalSection(ExtensibilityGlobals) = postSolution
		SolutionGuid = {4E3F956B-7457-4E9A-B9A0-2669C90AA86B}
	EndGlobalSection
EndGlobal
